
Microsoft Visual Studio Solution File, Format Version 12.00
# Visual Studio Version 17
VisualStudioVersion = 17.0.31903.59
MinimumVisualStudioVersion = 10.0.40219.1
Project("{2150E333-8FDC-42A3-9474-1A3956D46DE8}") = "src", "src", "{DEE0DD59-AA2E-43C3-B67E-E35783E5F557}"
EndProject
Project("{FAE04EC0-301F-11D3-BF4B-00C04F79EFBC}") = "LmtDesktop.Core", "src\LmtDesktop.Core\LmtDesktop.Core.csproj", "{77F28D67-9A4C-4CAE-ABB5-EEF3A6818182}"
EndProject
Project("{2150E333-8FDC-42A3-9474-1A3956D46DE8}") = "tests", "tests", "{476813A5-563F-464F-AF78-1844C7BC2738}"
EndProject
Project("{FAE04EC0-301F-11D3-BF4B-00C04F79EFBC}") = "LmtDesktop.Core.Tests", "tests\LmtDesktop.Core.Tests\LmtDesktop.Core.Tests.csproj", "{5CEBC321-B997-4790-B4C4-BD9EBC173FE5}"
EndProject
Project("{FAE04EC0-301F-11D3-BF4B-00C04F79EFBC}") = "LmtDesktop.Wallet", "src\LmtDesktop.Wallet\LmtDesktop.Wallet.csproj", "{2F1A46D2-FDEF-4E64-9F12-8795F7338658}"
EndProject
Project("{FAE04EC0-301F-11D3-BF4B-00C04F79EFBC}") = "LmtDesktop.Miner", "src\LmtDesktop.Miner\LmtDesktop.Miner.csproj", "{53AA709B-C3C9-4C2C-BB92-B3E0D9DF3ABD}"
EndProject
Global
	GlobalSection(SolutionConfigurationPlatforms) = preSolution
		Debug|Any CPU = Debug|Any CPU
		Release|Any CPU = Release|Any CPU
	EndGlobalSection
	GlobalSection(SolutionProperties) = preSolution
		HideSolutionNode = FALSE
	EndGlobalSection
	GlobalSection(ProjectConfigurationPlatforms) = postSolution
		{77F28D67-9A4C-4CAE-ABB5-EEF3A6818182}.Debug|Any CPU.ActiveCfg = Debug|Any CPU
		{77F28D67-9A4C-4CAE-ABB5-EEF3A6818182}.Debug|Any CPU.Build.0 = Debug|Any CPU
		{77F28D67-9A4C-4CAE-ABB5-EEF3A6818182}.Release|Any CPU.ActiveCfg = Release|Any CPU
		{77F28D67-9A4C-4CAE-ABB5-EEF3A6818182}.Release|Any CPU.Build.0 = Release|Any CPU
		{5CEBC321-B997-4790-B4C4-BD9EBC173FE5}.Debug|Any CPU.ActiveCfg = Debug|Any CPU
		{5CEBC321-B997-4790-B4C4-BD9EBC173FE5}.Debug|Any CPU.Build.0 = Debug|Any CPU
		{5CEBC321-B997-4790-B4C4-BD9EBC173FE5}.Release|Any CPU.ActiveCfg = Release|Any CPU
		{5CEBC321-B997-4790-B4C4-BD9EBC173FE5}.Release|Any CPU.Build.0 = Release|Any CPU
		{2F1A46D2-FDEF-4E64-9F12-8795F7338658}.Debug|Any CPU.ActiveCfg = Debug|Any CPU
		{2F1A46D2-FDEF-4E64-9F12-8795F7338658}.Debug|Any CPU.Build.0 = Debug|Any CPU
		{2F1A46D2-FDEF-4E64-9F12-8795F7338658}.Release|Any CPU.ActiveCfg = Release|Any CPU
		{2F1A46D2-FDEF-4E64-9F12-8795F7338658}.Release|Any CPU.Build.0 = Release|Any CPU
		{53AA709B-C3C9-4C2C-BB92-B3E0D9DF3ABD}.Debug|Any CPU.ActiveCfg = Debug|Any CPU
		{53AA709B-C3C9-4C2C-BB92-B3E0D9DF3ABD}.Debug|Any CPU.Build.0 = Debug|Any CPU
		{53AA709B-C3C9-4C2C-BB92-B3E0D9DF3ABD}.Release|Any CPU.ActiveCfg = Release|Any CPU
		{53AA709B-C3C9-4C2C-BB92-B3E0D9DF3ABD}.Release|Any CPU.Build.0 = Release|Any CPU
	EndGlobalSection
	GlobalSection(NestedProjects) = preSolution
		{77F28D67-9A4C-4CAE-ABB5-EEF3A6818182} = {DEE0DD59-AA2E-43C3-B67E-E35783E5F557}
		{5CEBC321-B997-4790-B4C4-BD9EBC173FE5} = {476813A5-563F-464F-AF78-1844C7BC2738}
		{2F1A46D2-FDEF-4E64-9F12-8795F7338658} = {DEE0DD59-AA2E-43C3-B67E-E35783E5F557}
		{53AA709B-C3C9-4C2C-BB92-B3E0D9DF3ABD} = {DEE0DD59-AA2E-43C3-B67E-E35783E5F557}
	EndGlobalSection
EndGlobal
